
Microsoft Visual Studio Solution File, Format Version 12.00
# Visual Studio Version 17
VisualStudioVersion = 17.8.34330.188
MinimumVisualStudioVersion = 10.0.40219.1
Project("{54A90642-561A-4BB1-A94E-469ADEE60C69}") = "Client", "src\angularapp1.client\Client.esproj", "{E0DA0E7F-9A00-4588-8EE1-F1D3AC821676}"
EndProject
Project("{2150E333-8FDC-42A3-9474-1A3956D46DE8}") = "Solution Items", "Solution Items", "{39F15A9C-D626-45A0-84D5-9E8BD6A24B30}"
	ProjectSection(SolutionItems) = preProject
		.editorconfig = .editorconfig
	EndProjectSection
EndProject
Project("{9A19103F-16F7-4668-BE54-9A1E7A4F7556}") = "DAL", "src\DAL\DAL.csproj", "{759C6E76-A5D7-4431-AD88-EE76AC598010}"
EndProject
Project("{9A19103F-16F7-4668-BE54-9A1E7A4F7556}") = "BLL", "src\BLL\BLL.csproj", "{F8B2AC61-620C-4377-B4F7-188487B36DF5}"
EndProject
Project("{9A19103F-16F7-4668-BE54-9A1E7A4F7556}") = "IdentityService", "src\PoliceProject.IdentityService\IdentityService.csproj", "{E5DD1344-B627-4A7D-9302-30926EDB5362}"
EndProject
Project("{9A19103F-16F7-4668-BE54-9A1E7A4F7556}") = "AngularApp1.AppHost", "src\AngularApp1.AppHost\AngularApp1.AppHost.csproj", "{DCD7E6A2-4D86-4A49-BC69-5D22ED4B0DA8}"
EndProject
Project("{9A19103F-16F7-4668-BE54-9A1E7A4F7556}") = "ServiceDefaults", "src\AngularApp1.ServiceDefaults\ServiceDefaults.csproj", "{F4CBCAC2-0CCB-44E7-9F28-5046ABC4D0E6}"
EndProject
Project("{9A19103F-16F7-4668-BE54-9A1E7A4F7556}") = "MainService", "src\PoliceProject.Main\MainService.csproj", "{F0B04E26-0D96-4029-9F89-8F9F25AA5D38}"
EndProject
Project("{9A19103F-16F7-4668-BE54-9A1E7A4F7556}") = "NotificationService", "src\PoliceProject.NotificationService\NotificationService.csproj", "{5A53F5CA-F4F4-4ED0-9B2F-E811F8D85D6D}"
EndProject
Project("{2150E333-8FDC-42A3-9474-1A3956D46DE8}") = "src", "src", "{D309BA22-FB5B-48E0-8AC6-08CE4810A7B8}"
EndProject
Project("{2150E333-8FDC-42A3-9474-1A3956D46DE8}") = "tests", "tests", "{62D8F307-0D9C-4E31-B83F-282976349E82}"
EndProject
Project("{9A19103F-16F7-4668-BE54-9A1E7A4F7556}") = "DataAccessTests", "tests\DataAccessTests\DataAccessTests.csproj", "{C7D5A31F-F675-478A-A5B3-BD3330B8176F}"
EndProject
Global
	GlobalSection(SolutionConfigurationPlatforms) = preSolution
		Debug|Any CPU = Debug|Any CPU
		Release|Any CPU = Release|Any CPU
	EndGlobalSection
	GlobalSection(ProjectConfigurationPlatforms) = postSolution
		{E0DA0E7F-9A00-4588-8EE1-F1D3AC821676}.Debug|Any CPU.ActiveCfg = Debug|Any CPU
		{E0DA0E7F-9A00-4588-8EE1-F1D3AC821676}.Debug|Any CPU.Build.0 = Debug|Any CPU
		{E0DA0E7F-9A00-4588-8EE1-F1D3AC821676}.Debug|Any CPU.Deploy.0 = Debug|Any CPU
		{E0DA0E7F-9A00-4588-8EE1-F1D3AC821676}.Release|Any CPU.ActiveCfg = Release|Any CPU
		{E0DA0E7F-9A00-4588-8EE1-F1D3AC821676}.Release|Any CPU.Build.0 = Release|Any CPU
		{E0DA0E7F-9A00-4588-8EE1-F1D3AC821676}.Release|Any CPU.Deploy.0 = Release|Any CPU
		{759C6E76-A5D7-4431-AD88-EE76AC598010}.Debug|Any CPU.ActiveCfg = Debug|Any CPU
		{759C6E76-A5D7-4431-AD88-EE76AC598010}.Debug|Any CPU.Build.0 = Debug|Any CPU
		{759C6E76-A5D7-4431-AD88-EE76AC598010}.Release|Any CPU.ActiveCfg = Release|Any CPU
		{759C6E76-A5D7-4431-AD88-EE76AC598010}.Release|Any CPU.Build.0 = Release|Any CPU
		{F8B2AC61-620C-4377-B4F7-188487B36DF5}.Debug|Any CPU.ActiveCfg = Debug|Any CPU
		{F8B2AC61-620C-4377-B4F7-188487B36DF5}.Debug|Any CPU.Build.0 = Debug|Any CPU
		{F8B2AC61-620C-4377-B4F7-188487B36DF5}.Release|Any CPU.ActiveCfg = Release|Any CPU
		{F8B2AC61-620C-4377-B4F7-188487B36DF5}.Release|Any CPU.Build.0 = Release|Any CPU
		{E5DD1344-B627-4A7D-9302-30926EDB5362}.Debug|Any CPU.ActiveCfg = Debug|Any CPU
		{E5DD1344-B627-4A7D-9302-30926EDB5362}.Debug|Any CPU.Build.0 = Debug|Any CPU
		{E5DD1344-B627-4A7D-9302-30926EDB5362}.Release|Any CPU.ActiveCfg = Release|Any CPU
		{E5DD1344-B627-4A7D-9302-30926EDB5362}.Release|Any CPU.Build.0 = Release|Any CPU
		{DCD7E6A2-4D86-4A49-BC69-5D22ED4B0DA8}.Debug|Any CPU.ActiveCfg = Debug|Any CPU
		{DCD7E6A2-4D86-4A49-BC69-5D22ED4B0DA8}.Debug|Any CPU.Build.0 = Debug|Any CPU
		{DCD7E6A2-4D86-4A49-BC69-5D22ED4B0DA8}.Release|Any CPU.ActiveCfg = Release|Any CPU
		{DCD7E6A2-4D86-4A49-BC69-5D22ED4B0DA8}.Release|Any CPU.Build.0 = Release|Any CPU
		{F4CBCAC2-0CCB-44E7-9F28-5046ABC4D0E6}.Debug|Any CPU.ActiveCfg = Debug|Any CPU
		{F4CBCAC2-0CCB-44E7-9F28-5046ABC4D0E6}.Debug|Any CPU.Build.0 = Debug|Any CPU
		{F4CBCAC2-0CCB-44E7-9F28-5046ABC4D0E6}.Release|Any CPU.ActiveCfg = Release|Any CPU
		{F4CBCAC2-0CCB-44E7-9F28-5046ABC4D0E6}.Release|Any CPU.Build.0 = Release|Any CPU
		{F0B04E26-0D96-4029-9F89-8F9F25AA5D38}.Debug|Any CPU.ActiveCfg = Debug|Any CPU
		{F0B04E26-0D96-4029-9F89-8F9F25AA5D38}.Debug|Any CPU.Build.0 = Debug|Any CPU
		{F0B04E26-0D96-4029-9F89-8F9F25AA5D38}.Release|Any CPU.ActiveCfg = Release|Any CPU
		{F0B04E26-0D96-4029-9F89-8F9F25AA5D38}.Release|Any CPU.Build.0 = Release|Any CPU
		{5A53F5CA-F4F4-4ED0-9B2F-E811F8D85D6D}.Debug|Any CPU.ActiveCfg = Debug|Any CPU
		{5A53F5CA-F4F4-4ED0-9B2F-E811F8D85D6D}.Debug|Any CPU.Build.0 = Debug|Any CPU
		{5A53F5CA-F4F4-4ED0-9B2F-E811F8D85D6D}.Release|Any CPU.ActiveCfg = Release|Any CPU
		{5A53F5CA-F4F4-4ED0-9B2F-E811F8D85D6D}.Release|Any CPU.Build.0 = Release|Any CPU
		{C7D5A31F-F675-478A-A5B3-BD3330B8176F}.Debug|Any CPU.ActiveCfg = Debug|Any CPU
		{C7D5A31F-F675-478A-A5B3-BD3330B8176F}.Debug|Any CPU.Build.0 = Debug|Any CPU
		{C7D5A31F-F675-478A-A5B3-BD3330B8176F}.Release|Any CPU.ActiveCfg = Release|Any CPU
		{C7D5A31F-F675-478A-A5B3-BD3330B8176F}.Release|Any CPU.Build.0 = Release|Any CPU
	EndGlobalSection
	GlobalSection(SolutionProperties) = preSolution
		HideSolutionNode = FALSE
	EndGlobalSection
	GlobalSection(NestedProjects) = preSolution
		{E0DA0E7F-9A00-4588-8EE1-F1D3AC821676} = {D309BA22-FB5B-48E0-8AC6-08CE4810A7B8}
		{759C6E76-A5D7-4431-AD88-EE76AC598010} = {D309BA22-FB5B-48E0-8AC6-08CE4810A7B8}
		{F8B2AC61-620C-4377-B4F7-188487B36DF5} = {D309BA22-FB5B-48E0-8AC6-08CE4810A7B8}
		{E5DD1344-B627-4A7D-9302-30926EDB5362} = {D309BA22-FB5B-48E0-8AC6-08CE4810A7B8}
		{DCD7E6A2-4D86-4A49-BC69-5D22ED4B0DA8} = {D309BA22-FB5B-48E0-8AC6-08CE4810A7B8}
		{F4CBCAC2-0CCB-44E7-9F28-5046ABC4D0E6} = {D309BA22-FB5B-48E0-8AC6-08CE4810A7B8}
		{F0B04E26-0D96-4029-9F89-8F9F25AA5D38} = {D309BA22-FB5B-48E0-8AC6-08CE4810A7B8}
		{5A53F5CA-F4F4-4ED0-9B2F-E811F8D85D6D} = {D309BA22-FB5B-48E0-8AC6-08CE4810A7B8}
		{C7D5A31F-F675-478A-A5B3-BD3330B8176F} = {62D8F307-0D9C-4E31-B83F-282976349E82}
	EndGlobalSection
	GlobalSection(ExtensibilityGlobals) = postSolution
		SolutionGuid = {8066BC73-44C9-4812-930B-8D60CC237D0D}
	EndGlobalSection
EndGlobal
